{
  "name": "ansa-iptc",
  "version": "1.0.0",
  "lockfileVersion": 1,
  "requires": true,
  "dependencies": {
    "typescript": {
      "version": "3.4.4",
      "resolved": "https://registry.npmjs.org/typescript/-/typescript-3.4.4.tgz",
      "integrity": "sha1-qsSgir7KuAkadfEIQv+gYxgY94U=",
      "dev": true
    }
  }
}
